
Microsoft Visual Studio Solution File, Format Version 12.00
# Visual Studio Version 16
VisualStudioVersion = 16.0.30503.244
MinimumVisualStudioVersion = 10.0.40219.1
Project("{FAE04EC0-301F-11D3-BF4B-00C04F79EFBC}") = "CustomClock", "CustomClock\CustomClock.csproj", "{A947AA0A-342C-41E5-BD97-E6FA1CD28D17}"
EndProject
Global
	GlobalSection(SolutionConfigurationPlatforms) = preSolution
		Debug|Any CPU = Debug|Any CPU
		Release|Any CPU = Release|Any CPU
	EndGlobalSection
	GlobalSection(ProjectConfigurationPlatforms) = postSolution
		{A947AA0A-342C-41E5-BD97-E6FA1CD28D17}.Debug|Any CPU.ActiveCfg = Debug|Any CPU
		{A947AA0A-342C-41E5-BD97-E6FA1CD28D17}.Debug|Any CPU.Build.0 = Debug|Any CPU
		{A947AA0A-342C-41E5-BD97-E6FA1CD28D17}.Release|Any CPU.ActiveCfg = Release|Any CPU
		{A947AA0A-342C-41E5-BD97-E6FA1CD28D17}.Release|Any CPU.Build.0 = Release|Any CPU
	EndGlobalSection
	GlobalSection(SolutionProperties) = preSolution
		HideSolutionNode = FALSE
	EndGlobalSection
	GlobalSection(ExtensibilityGlobals) = postSolution
		SolutionGuid = {B80F235B-6CFB-42E2-AFB8-A0A02E6A7C21}
	EndGlobalSection
EndGlobal
